// !$*UTF8*$!
{
	archiveVersion = 1;
	classes = {
	};
	objectVersion = 46;
	objects = {

/* Begin PBXBuildFile section */
		1E2233F91E9DA30D00ED81CF /* Crab.txt in Resources */ = {isa = PBXBuildFile; fileRef = 1E2233F81E9DA30D00ED81CF /* Crab.txt */; };
		1E42D5601E9DB38800DE20EC /* PssstScene.swift in Sources */ = {isa = PBXBuildFile; fileRef = 1E42D55E1E9DB38800DE20EC /* PssstScene.swift */; };
		1E42D5611E9DB38800DE20EC /* PssstScreen.swift in Sources */ = {isa = PBXBuildFile; fileRef = 1E42D55F1E9DB38800DE20EC /* PssstScreen.swift */; };
		1E42D5631E9E375F00DE20EC /* PssstAnimals.swift in Sources */ = {isa = PBXBuildFile; fileRef = 1E42D5621E9E375F00DE20EC /* PssstAnimals.swift */; };
		1E42D5651E9E5E4E00DE20EC /* PssstSprite.swift in Sources */ = {isa = PBXBuildFile; fileRef = 1E42D5641E9E5E4E00DE20EC /* PssstSprite.swift */; };
		8D7195C91E9A5AAA00612BD8 /* Background.png in Resources */ = {isa = PBXBuildFile; fileRef = 8D7195C81E9A5AAA00612BD8 /* Background.png */; };
		8D7195D31E9A903200612BD8 /* Shelf.swift in Sources */ = {isa = PBXBuildFile; fileRef = 8D7195D21E9A903200612BD8 /* Shelf.swift */; };
		8D7195D71E9B889A00612BD8 /* Misc.txt in Resources */ = {isa = PBXBuildFile; fileRef = 8D7195D61E9B889A00612BD8 /* Misc.txt */; };
		8DEE79181E97C5820010A81D /* AppDelegate.swift in Sources */ = {isa = PBXBuildFile; fileRef = 8DEE79171E97C5820010A81D /* AppDelegate.swift */; };
		8DEE79231E97C5820010A81D /* Main.storyboard in Resources */ = {isa = PBXBuildFile; fileRef = 8DEE79211E97C5820010A81D /* Main.storyboard */; };
		8DEE79251E97C5820010A81D /* Assets.xcassets in Resources */ = {isa = PBXBuildFile; fileRef = 8DEE79241E97C5820010A81D /* Assets.xcassets */; };
		8DEE79281E97C5820010A81D /* LaunchScreen.storyboard in Resources */ = {isa = PBXBuildFile; fileRef = 8DEE79261E97C5820010A81D /* LaunchScreen.storyboard */; };
		8DEE79361E99079C0010A81D /* LaneLim.swift in Sources */ = {isa = PBXBuildFile; fileRef = 8DEE79351E99079C0010A81D /* LaneLim.swift */; };
		8DEE793B1E9908D40010A81D /* RandomNumbers.swift in Sources */ = {isa = PBXBuildFile; fileRef = 8DEE793A1E9908D40010A81D /* RandomNumbers.swift */; };
		8DEE79621E9914DE0010A81D /* Bee.atlas in Resources */ = {isa = PBXBuildFile; fileRef = 8DEE793F1E9914DE0010A81D /* Bee.atlas */; };
		8DEE79641E9914DE0010A81D /* Box.atlas in Resources */ = {isa = PBXBuildFile; fileRef = 8DEE79421E9914DE0010A81D /* Box.atlas */; };
		8DEE79661E9914DE0010A81D /* Duster.atlas in Resources */ = {isa = PBXBuildFile; fileRef = 8DEE79451E9914DE0010A81D /* Duster.atlas */; };
		8DEE79681E9914DE0010A81D /* Flower.atlas in Resources */ = {isa = PBXBuildFile; fileRef = 8DEE79481E9914DE0010A81D /* Flower.atlas */; };
		8DEE796A1E9914DE0010A81D /* Leaf.atlas in Resources */ = {isa = PBXBuildFile; fileRef = 8DEE794B1E9914DE0010A81D /* Leaf.atlas */; };
		8DEE796C1E9914DE0010A81D /* Owl.atlas in Resources */ = {isa = PBXBuildFile; fileRef = 8DEE794E1E9914DE0010A81D /* Owl.atlas */; };
		8DEE796F1E9914DE0010A81D /* SprayCanBlue.atlas in Resources */ = {isa = PBXBuildFile; fileRef = 8DEE79521E9914DE0010A81D /* SprayCanBlue.atlas */; };
		8DEE79701E9914DE0010A81D /* SprayCanRed.atlas in Resources */ = {isa = PBXBuildFile; fileRef = 8DEE79531E9914DE0010A81D /* SprayCanRed.atlas */; };
		8DEE79711E9914DE0010A81D /* SprayCanYellow.atlas in Resources */ = {isa = PBXBuildFile; fileRef = 8DEE79541E9914DE0010A81D /* SprayCanYellow.atlas */; };
		8DEE79721E9914DE0010A81D /* StartScreen.atlas in Resources */ = {isa = PBXBuildFile; fileRef = 8DEE79561E9914DE0010A81D /* StartScreen.atlas */; };
		8DEE79741E9914DE0010A81D /* WaterCan.atlas in Resources */ = {isa = PBXBuildFile; fileRef = 8DEE79591E9914DE0010A81D /* WaterCan.atlas */; };
		8DEE79771E9914DE0010A81D /* WormBlue.atlas in Resources */ = {isa = PBXBuildFile; fileRef = 8DEE795D1E9914DE0010A81D /* WormBlue.atlas */; };
		8DEE79781E9914DE0010A81D /* WormGreen.atlas in Resources */ = {isa = PBXBuildFile; fileRef = 8DEE795E1E9914DE0010A81D /* WormGreen.atlas */; };
		8DEE79791E9914DE0010A81D /* WormRed.atlas in Resources */ = {isa = PBXBuildFile; fileRef = 8DEE795F1E9914DE0010A81D /* WormRed.atlas */; };
		8DEE797A1E9914DE0010A81D /* WormYellow.atlas in Resources */ = {isa = PBXBuildFile; fileRef = 8DEE79601E9914DE0010A81D /* WormYellow.atlas */; };
		8DEE797C1E9915190010A81D /* MathHelper.swift in Sources */ = {isa = PBXBuildFile; fileRef = 8DEE797B1E9915190010A81D /* MathHelper.swift */; };
		8DEE798D1E9918790010A81D /* Rect.swift in Sources */ = {isa = PBXBuildFile; fileRef = 8DEE79891E9918790010A81D /* Rect.swift */; };
		8DEE798E1E9918790010A81D /* Timer.swift in Sources */ = {isa = PBXBuildFile; fileRef = 8DEE798A1E9918790010A81D /* Timer.swift */; };
		8DEE79901E9918790010A81D /* Util.swift in Sources */ = {isa = PBXBuildFile; fileRef = 8DEE798C1E9918790010A81D /* Util.swift */; };
		8DEE79961E991B610010A81D /* PssstViewController.swift in Sources */ = {isa = PBXBuildFile; fileRef = 8DEE79941E991B610010A81D /* PssstViewController.swift */; };
/* End PBXBuildFile section */

/* Begin PBXFileReference section */
		1E2233F81E9DA30D00ED81CF /* Crab.txt */ = {isa = PBXFileReference; fileEncoding = 4; lastKnownFileType = text; path = Crab.txt; sourceTree = "<group>"; };
		1E42D55E1E9DB38800DE20EC /* PssstScene.swift */ = {isa = PBXFileReference; fileEncoding = 4; lastKnownFileType = sourcecode.swift; name = PssstScene.swift; path = Game/PssstScene.swift; sourceTree = "<group>"; };
		1E42D55F1E9DB38800DE20EC /* PssstScreen.swift */ = {isa = PBXFileReference; fileEncoding = 4; lastKnownFileType = sourcecode.swift; name = PssstScreen.swift; path = Game/PssstScreen.swift; sourceTree = "<group>"; };
		1E42D5621E9E375F00DE20EC /* PssstAnimals.swift */ = {isa = PBXFileReference; fileEncoding = 4; lastKnownFileType = sourcecode.swift; name = PssstAnimals.swift; path = Game/PssstAnimals.swift; sourceTree = "<group>"; };
		1E42D5641E9E5E4E00DE20EC /* PssstSprite.swift */ = {isa = PBXFileReference; fileEncoding = 4; lastKnownFileType = sourcecode.swift; name = PssstSprite.swift; path = Game/PssstSprite.swift; sourceTree = "<group>"; };
		8D7195C81E9A5AAA00612BD8 /* Background.png */ = {isa = PBXFileReference; lastKnownFileType = image.png; path = Background.png; sourceTree = "<group>"; };
		8D7195D21E9A903200612BD8 /* Shelf.swift */ = {isa = PBXFileReference; fileEncoding = 4; lastKnownFileType = sourcecode.swift; path = Shelf.swift; sourceTree = "<group>"; };
		8D7195D61E9B889A00612BD8 /* Misc.txt */ = {isa = PBXFileReference; fileEncoding = 4; lastKnownFileType = text; path = Misc.txt; sourceTree = "<group>"; };
		8DEE79141E97C5820010A81D /* Pssst.app */ = {isa = PBXFileReference; explicitFileType = wrapper.application; includeInIndex = 0; path = Pssst.app; sourceTree = BUILT_PRODUCTS_DIR; };
		8DEE79171E97C5820010A81D /* AppDelegate.swift */ = {isa = PBXFileReference; lastKnownFileType = sourcecode.swift; path = AppDelegate.swift; sourceTree = "<group>"; };
		8DEE79221E97C5820010A81D /* Base */ = {isa = PBXFileReference; lastKnownFileType = file.storyboard; name = Base; path = Base.lproj/Main.storyboard; sourceTree = "<group>"; };
		8DEE79241E97C5820010A81D /* Assets.xcassets */ = {isa = PBXFileReference; lastKnownFileType = folder.assetcatalog; path = Assets.xcassets; sourceTree = "<group>"; };
		8DEE79271E97C5820010A81D /* Base */ = {isa = PBXFileReference; lastKnownFileType = file.storyboard; name = Base; path = Base.lproj/LaunchScreen.storyboard; sourceTree = "<group>"; };
		8DEE79291E97C5820010A81D /* Info.plist */ = {isa = PBXFileReference; lastKnownFileType = text.plist.xml; path = Info.plist; sourceTree = "<group>"; };
		8DEE79351E99079C0010A81D /* LaneLim.swift */ = {isa = PBXFileReference; fileEncoding = 4; lastKnownFileType = sourcecode.swift; path = LaneLim.swift; sourceTree = "<group>"; };
		8DEE793A1E9908D40010A81D /* RandomNumbers.swift */ = {isa = PBXFileReference; fileEncoding = 4; lastKnownFileType = sourcecode.swift; name = RandomNumbers.swift; path = Utils/RandomNumbers.swift; sourceTree = "<group>"; };
		8DEE793F1E9914DE0010A81D /* Bee.atlas */ = {isa = PBXFileReference; lastKnownFileType = folder.skatlas; path = Bee.atlas; sourceTree = "<group>"; };
		8DEE79421E9914DE0010A81D /* Box.atlas */ = {isa = PBXFileReference; lastKnownFileType = folder.skatlas; path = Box.atlas; sourceTree = "<group>"; };
		8DEE79451E9914DE0010A81D /* Duster.atlas */ = {isa = PBXFileReference; lastKnownFileType = folder.skatlas; path = Duster.atlas; sourceTree = "<group>"; };
		8DEE79481E9914DE0010A81D /* Flower.atlas */ = {isa = PBXFileReference; lastKnownFileType = folder.skatlas; path = Flower.atlas; sourceTree = "<group>"; };
		8DEE794B1E9914DE0010A81D /* Leaf.atlas */ = {isa = PBXFileReference; lastKnownFileType = folder.skatlas; path = Leaf.atlas; sourceTree = "<group>"; };
		8DEE794E1E9914DE0010A81D /* Owl.atlas */ = {isa = PBXFileReference; lastKnownFileType = folder.skatlas; path = Owl.atlas; sourceTree = "<group>"; };
		8DEE79521E9914DE0010A81D /* SprayCanBlue.atlas */ = {isa = PBXFileReference; lastKnownFileType = folder.skatlas; path = SprayCanBlue.atlas; sourceTree = "<group>"; };
		8DEE79531E9914DE0010A81D /* SprayCanRed.atlas */ = {isa = PBXFileReference; lastKnownFileType = folder.skatlas; path = SprayCanRed.atlas; sourceTree = "<group>"; };
		8DEE79541E9914DE0010A81D /* SprayCanYellow.atlas */ = {isa = PBXFileReference; lastKnownFileType = folder.skatlas; path = SprayCanYellow.atlas; sourceTree = "<group>"; };
		8DEE79561E9914DE0010A81D /* StartScreen.atlas */ = {isa = PBXFileReference; lastKnownFileType = folder.skatlas; path = StartScreen.atlas; sourceTree = "<group>"; };
		8DEE79591E9914DE0010A81D /* WaterCan.atlas */ = {isa = PBXFileReference; lastKnownFileType = folder.skatlas; path = WaterCan.atlas; sourceTree = "<group>"; };
		8DEE795D1E9914DE0010A81D /* WormBlue.atlas */ = {isa = PBXFileReference; lastKnownFileType = folder.skatlas; path = WormBlue.atlas; sourceTree = "<group>"; };
		8DEE795E1E9914DE0010A81D /* WormGreen.atlas */ = {isa = PBXFileReference; lastKnownFileType = folder.skatlas; path = WormGreen.atlas; sourceTree = "<group>"; };
		8DEE795F1E9914DE0010A81D /* WormRed.atlas */ = {isa = PBXFileReference; lastKnownFileType = folder.skatlas; path = WormRed.atlas; sourceTree = "<group>"; };
		8DEE79601E9914DE0010A81D /* WormYellow.atlas */ = {isa = PBXFileReference; lastKnownFileType = folder.skatlas; path = WormYellow.atlas; sourceTree = "<group>"; };
		8DEE797B1E9915190010A81D /* MathHelper.swift */ = {isa = PBXFileReference; fileEncoding = 4; lastKnownFileType = sourcecode.swift; name = MathHelper.swift; path = Utils/MathHelper.swift; sourceTree = "<group>"; };
		8DEE79891E9918790010A81D /* Rect.swift */ = {isa = PBXFileReference; fileEncoding = 4; lastKnownFileType = sourcecode.swift; name = Rect.swift; path = Utils/Rect.swift; sourceTree = "<group>"; };
		8DEE798A1E9918790010A81D /* Timer.swift */ = {isa = PBXFileReference; fileEncoding = 4; lastKnownFileType = sourcecode.swift; name = Timer.swift; path = Utils/Timer.swift; sourceTree = "<group>"; };
		8DEE798C1E9918790010A81D /* Util.swift */ = {isa = PBXFileReference; fileEncoding = 4; lastKnownFileType = sourcecode.swift; name = Util.swift; path = Utils/Util.swift; sourceTree = "<group>"; };
		8DEE79941E991B610010A81D /* PssstViewController.swift */ = {isa = PBXFileReference; fileEncoding = 4; lastKnownFileType = sourcecode.swift; name = PssstViewController.swift; path = Game/PssstViewController.swift; sourceTree = "<group>"; };
/* End PBXFileReference section */

/* Begin PBXFrameworksBuildPhase section */
		8DEE79111E97C5820010A81D /* Frameworks */ = {
			isa = PBXFrameworksBuildPhase;
			buildActionMask = 2147483647;
			files = (
			);
			runOnlyForDeploymentPostprocessing = 0;
		};
/* End PBXFrameworksBuildPhase section */

/* Begin PBXGroup section */
		8D7195C71E9A5AAA00612BD8 /* Background */ = {
			isa = PBXGroup;
			children = (
				8D7195C81E9A5AAA00612BD8 /* Background.png */,
			);
			path = Background;
			sourceTree = "<group>";
		};
		8DEE790B1E97C5820010A81D = {
			isa = PBXGroup;
			children = (
				8DEE79161E97C5820010A81D /* Pssst */,
				8DEE79151E97C5820010A81D /* Products */,
			);
			sourceTree = "<group>";
		};
		8DEE79151E97C5820010A81D /* Products */ = {
			isa = PBXGroup;
			children = (
				8DEE79141E97C5820010A81D /* Pssst.app */,
			);
			name = Products;
			sourceTree = "<group>";
		};
		8DEE79161E97C5820010A81D /* Pssst */ = {
			isa = PBXGroup;
			children = (
				1E2233F81E9DA30D00ED81CF /* Crab.txt */,
				8D7195D61E9B889A00612BD8 /* Misc.txt */,
				8DEE793C1E9914DE0010A81D /* Animations */,
				8DEE79311E9905440010A81D /* Game */,
				8DEE79341E99079C0010A81D /* Models */,
				8DEE79301E9904FF0010A81D /* Utils */,
				8DEE79171E97C5820010A81D /* AppDelegate.swift */,
				8DEE79211E97C5820010A81D /* Main.storyboard */,
				8DEE79241E97C5820010A81D /* Assets.xcassets */,
				8DEE79261E97C5820010A81D /* LaunchScreen.storyboard */,
				8DEE79291E97C5820010A81D /* Info.plist */,
			);
			path = Pssst;
			sourceTree = "<group>";
		};
		8DEE79301E9904FF0010A81D /* Utils */ = {
			isa = PBXGroup;
			children = (
				8DEE79891E9918790010A81D /* Rect.swift */,
				8DEE798A1E9918790010A81D /* Timer.swift */,
				8DEE798C1E9918790010A81D /* Util.swift */,
				8DEE797B1E9915190010A81D /* MathHelper.swift */,
				8DEE793A1E9908D40010A81D /* RandomNumbers.swift */,
			);
			name = Utils;
			sourceTree = "<group>";
		};
		8DEE79311E9905440010A81D /* Game */ = {
			isa = PBXGroup;
			children = (
				1E42D5621E9E375F00DE20EC /* PssstAnimals.swift */,
				1E42D55E1E9DB38800DE20EC /* PssstScene.swift */,
				1E42D55F1E9DB38800DE20EC /* PssstScreen.swift */,
				8DEE79941E991B610010A81D /* PssstViewController.swift */,
				1E42D5641E9E5E4E00DE20EC /* PssstSprite.swift */,
			);
			name = Game;
			sourceTree = "<group>";
		};
		8DEE79341E99079C0010A81D /* Models */ = {
			isa = PBXGroup;
			children = (
				8DEE79351E99079C0010A81D /* LaneLim.swift */,
				8D7195D21E9A903200612BD8 /* Shelf.swift */,
			);
			path = Models;
			sourceTree = "<group>";
		};
		8DEE793C1E9914DE0010A81D /* Animations */ = {
			isa = PBXGroup;
			children = (
				8D7195C71E9A5AAA00612BD8 /* Background */,
				8DEE793E1E9914DE0010A81D /* Bee */,
				8DEE79411E9914DE0010A81D /* Box */,
				8DEE79441E9914DE0010A81D /* Duster */,
				8DEE79471E9914DE0010A81D /* Flower */,
				8DEE794A1E9914DE0010A81D /* Leaf */,
				8DEE794D1E9914DE0010A81D /* Owl */,
				8DEE79501E9914DE0010A81D /* SprayCan */,
				8DEE79551E9914DE0010A81D /* StartScreen */,
				8DEE79581E9914DE0010A81D /* WaterCan */,
				8DEE795B1E9914DE0010A81D /* Worm */,
			);
			path = Animations;
			sourceTree = "<group>";
		};
		8DEE793E1E9914DE0010A81D /* Bee */ = {
			isa = PBXGroup;
			children = (
				8DEE793F1E9914DE0010A81D /* Bee.atlas */,
			);
			path = Bee;
			sourceTree = "<group>";
		};
		8DEE79411E9914DE0010A81D /* Box */ = {
			isa = PBXGroup;
			children = (
				8DEE79421E9914DE0010A81D /* Box.atlas */,
			);
			path = Box;
			sourceTree = "<group>";
		};
		8DEE79441E9914DE0010A81D /* Duster */ = {
			isa = PBXGroup;
			children = (
				8DEE79451E9914DE0010A81D /* Duster.atlas */,
			);
			path = Duster;
			sourceTree = "<group>";
		};
		8DEE79471E9914DE0010A81D /* Flower */ = {
			isa = PBXGroup;
			children = (
				8DEE79481E9914DE0010A81D /* Flower.atlas */,
			);
			path = Flower;
			sourceTree = "<group>";
		};
		8DEE794A1E9914DE0010A81D /* Leaf */ = {
			isa = PBXGroup;
			children = (
				8DEE794B1E9914DE0010A81D /* Leaf.atlas */,
			);
			path = Leaf;
			sourceTree = "<group>";
		};
		8DEE794D1E9914DE0010A81D /* Owl */ = {
			isa = PBXGroup;
			children = (
				8DEE794E1E9914DE0010A81D /* Owl.atlas */,
			);
			path = Owl;
			sourceTree = "<group>";
		};
		8DEE79501E9914DE0010A81D /* SprayCan */ = {
			isa = PBXGroup;
			children = (
				8DEE79521E9914DE0010A81D /* SprayCanBlue.atlas */,
				8DEE79531E9914DE0010A81D /* SprayCanRed.atlas */,
				8DEE79541E9914DE0010A81D /* SprayCanYellow.atlas */,
			);
			path = SprayCan;
			sourceTree = "<group>";
		};
		8DEE79551E9914DE0010A81D /* StartScreen */ = {
			isa = PBXGroup;
			children = (
				8DEE79561E9914DE0010A81D /* StartScreen.atlas */,
			);
			path = StartScreen;
			sourceTree = "<group>";
		};
		8DEE79581E9914DE0010A81D /* WaterCan */ = {
			isa = PBXGroup;
			children = (
				8DEE79591E9914DE0010A81D /* WaterCan.atlas */,
			);
			path = WaterCan;
			sourceTree = "<group>";
		};
		8DEE795B1E9914DE0010A81D /* Worm */ = {
			isa = PBXGroup;
			children = (
				8DEE795D1E9914DE0010A81D /* WormBlue.atlas */,
				8DEE795E1E9914DE0010A81D /* WormGreen.atlas */,
				8DEE795F1E9914DE0010A81D /* WormRed.atlas */,
				8DEE79601E9914DE0010A81D /* WormYellow.atlas */,
			);
			path = Worm;
			sourceTree = "<group>";
		};
/* End PBXGroup section */

/* Begin PBXNativeTarget section */
		8DEE79131E97C5820010A81D /* Pssst */ = {
			isa = PBXNativeTarget;
			buildConfigurationList = 8DEE792C1E97C5820010A81D /* Build configuration list for PBXNativeTarget "Pssst" */;
			buildPhases = (
				8DEE79101E97C5820010A81D /* Sources */,
				8DEE79111E97C5820010A81D /* Frameworks */,
				8DEE79121E97C5820010A81D /* Resources */,
			);
			buildRules = (
			);
			dependencies = (
			);
			name = Pssst;
			productName = Pssst;
			productReference = 8DEE79141E97C5820010A81D /* Pssst.app */;
			productType = "com.apple.product-type.application";
		};
/* End PBXNativeTarget section */

/* Begin PBXProject section */
		8DEE790C1E97C5820010A81D /* Project object */ = {
			isa = PBXProject;
			attributes = {
				LastSwiftUpdateCheck = 0830;
				LastUpgradeCheck = 0830;
				ORGANIZATIONNAME = "Michael Mogensen";
				TargetAttributes = {
					8DEE79131E97C5820010A81D = {
						CreatedOnToolsVersion = 8.3;
						DevelopmentTeam = 9X9L96WTN5;
						ProvisioningStyle = Automatic;
					};
				};
			};
			buildConfigurationList = 8DEE790F1E97C5820010A81D /* Build configuration list for PBXProject "Pssst" */;
			compatibilityVersion = "Xcode 3.2";
			developmentRegion = English;
			hasScannedForEncodings = 0;
			knownRegions = (
				en,
				Base,
			);
			mainGroup = 8DEE790B1E97C5820010A81D;
			productRefGroup = 8DEE79151E97C5820010A81D /* Products */;
			projectDirPath = "";
			projectRoot = "";
			targets = (
				8DEE79131E97C5820010A81D /* Pssst */,
			);
		};
/* End PBXProject section */

/* Begin PBXResourcesBuildPhase section */
		8DEE79121E97C5820010A81D /* Resources */ = {
			isa = PBXResourcesBuildPhase;
			buildActionMask = 2147483647;
			files = (
				8DEE79231E97C5820010A81D /* Main.storyboard in Resources */,
				8DEE796F1E9914DE0010A81D /* SprayCanBlue.atlas in Resources */,
				8D7195C91E9A5AAA00612BD8 /* Background.png in Resources */,
				8DEE79701E9914DE0010A81D /* SprayCanRed.atlas in Resources */,
				8DEE79251E97C5820010A81D /* Assets.xcassets in Resources */,
				8D7195D71E9B889A00612BD8 /* Misc.txt in Resources */,
				8DEE79281E97C5820010A81D /* LaunchScreen.storyboard in Resources */,
				8DEE79741E9914DE0010A81D /* WaterCan.atlas in Resources */,
				8DEE79791E9914DE0010A81D /* WormRed.atlas in Resources */,
				8DEE79711E9914DE0010A81D /* SprayCanYellow.atlas in Resources */,
				8DEE79621E9914DE0010A81D /* Bee.atlas in Resources */,
				8DEE796C1E9914DE0010A81D /* Owl.atlas in Resources */,
				8DEE79781E9914DE0010A81D /* WormGreen.atlas in Resources */,
				8DEE797A1E9914DE0010A81D /* WormYellow.atlas in Resources */,
				1E2233F91E9DA30D00ED81CF /* Crab.txt in Resources */,
				8DEE796A1E9914DE0010A81D /* Leaf.atlas in Resources */,
				8DEE79641E9914DE0010A81D /* Box.atlas in Resources */,
				8DEE79771E9914DE0010A81D /* WormBlue.atlas in Resources */,
				8DEE79661E9914DE0010A81D /* Duster.atlas in Resources */,
				8DEE79681E9914DE0010A81D /* Flower.atlas in Resources */,
				8DEE79721E9914DE0010A81D /* StartScreen.atlas in Resources */,
			);
			runOnlyForDeploymentPostprocessing = 0;
		};
/* End PBXResourcesBuildPhase section */

/* Begin PBXSourcesBuildPhase section */
		8DEE79101E97C5820010A81D /* Sources */ = {
			isa = PBXSourcesBuildPhase;
			buildActionMask = 2147483647;
			files = (
				1E42D5601E9DB38800DE20EC /* PssstScene.swift in Sources */,
				1E42D5651E9E5E4E00DE20EC /* PssstSprite.swift in Sources */,
				8DEE797C1E9915190010A81D /* MathHelper.swift in Sources */,
				8DEE79961E991B610010A81D /* PssstViewController.swift in Sources */,
				1E42D5631E9E375F00DE20EC /* PssstAnimals.swift in Sources */,
				8DEE79901E9918790010A81D /* Util.swift in Sources */,
				8DEE793B1E9908D40010A81D /* RandomNumbers.swift in Sources */,
				1E42D5611E9DB38800DE20EC /* PssstScreen.swift in Sources */,
				8DEE798E1E9918790010A81D /* Timer.swift in Sources */,
				8D7195D31E9A903200612BD8 /* Shelf.swift in Sources */,
				8DEE79361E99079C0010A81D /* LaneLim.swift in Sources */,
				8DEE798D1E9918790010A81D /* Rect.swift in Sources */,
				8DEE79181E97C5820010A81D /* AppDelegate.swift in Sources */,
			);
			runOnlyForDeploymentPostprocessing = 0;
		};
/* End PBXSourcesBuildPhase section */

/* Begin PBXVariantGroup section */
		8DEE79211E97C5820010A81D /* Main.storyboard */ = {
			isa = PBXVariantGroup;
			children = (
				8DEE79221E97C5820010A81D /* Base */,
			);
			name = Main.storyboard;
			sourceTree = "<group>";
		};
		8DEE79261E97C5820010A81D /* LaunchScreen.storyboard */ = {
			isa = PBXVariantGroup;
			children = (
				8DEE79271E97C5820010A81D /* Base */,
			);
			name = LaunchScreen.storyboard;
			sourceTree = "<group>";
		};
/* End PBXVariantGroup section */

/* Begin XCBuildConfiguration section */
		8DEE792A1E97C5820010A81D /* Debug */ = {
			isa = XCBuildConfiguration;
			buildSettings = {
				ALWAYS_SEARCH_USER_PATHS = NO;
				CLANG_ANALYZER_NONNULL = YES;
				CLANG_ANALYZER_NUMBER_OBJECT_CONVERSION = YES_AGGRESSIVE;
				CLANG_CXX_LANGUAGE_STANDARD = "gnu++0x";
				CLANG_CXX_LIBRARY = "libc++";
				CLANG_ENABLE_MODULES = YES;
				CLANG_ENABLE_OBJC_ARC = YES;
				CLANG_WARN_BOOL_CONVERSION = YES;
				CLANG_WARN_CONSTANT_CONVERSION = YES;
				CLANG_WARN_DIRECT_OBJC_ISA_USAGE = YES_ERROR;
				CLANG_WARN_DOCUMENTATION_COMMENTS = YES;
				CLANG_WARN_EMPTY_BODY = YES;
				CLANG_WARN_ENUM_CONVERSION = YES;
				CLANG_WARN_INFINITE_RECURSION = YES;
				CLANG_WARN_INT_CONVERSION = YES;
				CLANG_WARN_OBJC_ROOT_CLASS = YES_ERROR;
				CLANG_WARN_SUSPICIOUS_MOVE = YES;
				CLANG_WARN_UNREACHABLE_CODE = YES;
				CLANG_WARN__DUPLICATE_METHOD_MATCH = YES;
				"CODE_SIGN_IDENTITY[sdk=iphoneos*]" = "iPhone Developer";
				COPY_PHASE_STRIP = NO;
				DEBUG_INFORMATION_FORMAT = dwarf;
				ENABLE_STRICT_OBJC_MSGSEND = YES;
				ENABLE_TESTABILITY = YES;
				GCC_C_LANGUAGE_STANDARD = gnu99;
				GCC_DYNAMIC_NO_PIC = NO;
				GCC_NO_COMMON_BLOCKS = YES;
				GCC_OPTIMIZATION_LEVEL = 0;
				GCC_PREPROCESSOR_DEFINITIONS = (
					"DEBUG=1",
					"$(inherited)",
				);
				GCC_WARN_64_TO_32_BIT_CONVERSION = YES;
				GCC_WARN_ABOUT_RETURN_TYPE = YES_ERROR;
				GCC_WARN_UNDECLARED_SELECTOR = YES;
				GCC_WARN_UNINITIALIZED_AUTOS = YES_AGGRESSIVE;
				GCC_WARN_UNUSED_FUNCTION = YES;
				GCC_WARN_UNUSED_VARIABLE = YES;
				IPHONEOS_DEPLOYMENT_TARGET = 10.3;
				MTL_ENABLE_DEBUG_INFO = YES;
				ONLY_ACTIVE_ARCH = YES;
				SDKROOT = iphoneos;
				SWIFT_ACTIVE_COMPILATION_CONDITIONS = DEBUG;
				SWIFT_OPTIMIZATION_LEVEL = "-Onone";
			};
			name = Debug;
		};
		8DEE792B1E97C5820010A81D /* Release */ = {
			isa = XCBuildConfiguration;
			buildSettings = {
				ALWAYS_SEARCH_USER_PATHS = NO;
				CLANG_ANALYZER_NONNULL = YES;
				CLANG_ANALYZER_NUMBER_OBJECT_CONVERSION = YES_AGGRESSIVE;
				CLANG_CXX_LANGUAGE_STANDARD = "gnu++0x";
				CLANG_CXX_LIBRARY = "libc++";
				CLANG_ENABLE_MODULES = YES;
				CLANG_ENABLE_OBJC_ARC = YES;
				CLANG_WARN_BOOL_CONVERSION = YES;
				CLANG_WARN_CONSTANT_CONVERSION = YES;
				CLANG_WARN_DIRECT_OBJC_ISA_USAGE = YES_ERROR;
				CLANG_WARN_DOCUMENTATION_COMMENTS = YES;
				CLANG_WARN_EMPTY_BODY = YES;
				CLANG_WARN_ENUM_CONVERSION = YES;
				CLANG_WARN_INFINITE_RECURSION = YES;
				CLANG_WARN_INT_CONVERSION = YES;
				CLANG_WARN_OBJC_ROOT_CLASS = YES_ERROR;
				CLANG_WARN_SUSPICIOUS_MOVE = YES;
				CLANG_WARN_UNREACHABLE_CODE = YES;
				CLANG_WARN__DUPLICATE_METHOD_MATCH = YES;
				"CODE_SIGN_IDENTITY[sdk=iphoneos*]" = "iPhone Developer";
				COPY_PHASE_STRIP = NO;
				DEBUG_INFORMATION_FORMAT = "dwarf-with-dsym";
				ENABLE_NS_ASSERTIONS = NO;
				ENABLE_STRICT_OBJC_MSGSEND = YES;
				GCC_C_LANGUAGE_STANDARD = gnu99;
				GCC_NO_COMMON_BLOCKS = YES;
				GCC_WARN_64_TO_32_BIT_CONVERSION = YES;
				GCC_WARN_ABOUT_RETURN_TYPE = YES_ERROR;
				GCC_WARN_UNDECLARED_SELECTOR = YES;
				GCC_WARN_UNINITIALIZED_AUTOS = YES_AGGRESSIVE;
				GCC_WARN_UNUSED_FUNCTION = YES;
				GCC_WARN_UNUSED_VARIABLE = YES;
				IPHONEOS_DEPLOYMENT_TARGET = 10.3;
				MTL_ENABLE_DEBUG_INFO = NO;
				SDKROOT = iphoneos;
				SWIFT_OPTIMIZATION_LEVEL = "-Owholemodule";
				VALIDATE_PRODUCT = YES;
			};
			name = Release;
		};
		8DEE792D1E97C5820010A81D /* Debug */ = {
			isa = XCBuildConfiguration;
			buildSettings = {
				ASSETCATALOG_COMPILER_APPICON_NAME = AppIcon;
				DEVELOPMENT_TEAM = 9X9L96WTN5;
				INFOPLIST_FILE = Pssst/Info.plist;
				LD_RUNPATH_SEARCH_PATHS = "$(inherited) @executable_path/Frameworks";
				PRODUCT_BUNDLE_IDENTIFIER = MMITConsult.Pssst;
				PRODUCT_NAME = "$(TARGET_NAME)";
				SWIFT_VERSION = 3.0;
			};
			name = Debug;
		};
		8DEE792E1E97C5820010A81D /* Release */ = {
			isa = XCBuildConfiguration;
			buildSettings = {
				ASSETCATALOG_COMPILER_APPICON_NAME = AppIcon;
				DEVELOPMENT_TEAM = 9X9L96WTN5;
				INFOPLIST_FILE = Pssst/Info.plist;
				LD_RUNPATH_SEARCH_PATHS = "$(inherited) @executable_path/Frameworks";
				PRODUCT_BUNDLE_IDENTIFIER = MMITConsult.Pssst;
				PRODUCT_NAME = "$(TARGET_NAME)";
				SWIFT_VERSION = 3.0;
			};
			name = Release;
		};
/* End XCBuildConfiguration section */

/* Begin XCConfigurationList section */
		8DEE790F1E97C5820010A81D /* Build configuration list for PBXProject "Pssst" */ = {
			isa = XCConfigurationList;
			buildConfigurations = (
				8DEE792A1E97C5820010A81D /* Debug */,
				8DEE792B1E97C5820010A81D /* Release */,
			);
			defaultConfigurationIsVisible = 0;
			defaultConfigurationName = Release;
		};
		8DEE792C1E97C5820010A81D /* Build configuration list for PBXNativeTarget "Pssst" */ = {
			isa = XCConfigurationList;
			buildConfigurations = (
				8DEE792D1E97C5820010A81D /* Debug */,
				8DEE792E1E97C5820010A81D /* Release */,
			);
			defaultConfigurationIsVisible = 0;
			defaultConfigurationName = Release;
		};
/* End XCConfigurationList section */
	};
	rootObject = 8DEE790C1E97C5820010A81D /* Project object */;
}
